// !$*UTF8*$!
{
	archiveVersion = 1;
	classes = {
	};
	objectVersion = 50;
	objects = {

/* Begin PBXBuildFile section */
		2027F8CF262FF53300ED7A3B /* ASE Timer.swift in Sources */ = {isa = PBXBuildFile; fileRef = 2027F8CE262FF53300ED7A3B /* ASE Timer.swift */; };
		204CBD5E2551108C008EBD1E /* RowType.swift in Sources */ = {isa = PBXBuildFile; fileRef = 20E38ADD2318DC6F001BB042 /* RowType.swift */; };
		208BA80D252D9567003EC6FF /* WidgetKit.framework in Frameworks */ = {isa = PBXBuildFile; fileRef = 208BA80C252D9567003EC6FF /* WidgetKit.framework */; };
		208BA80F252D9567003EC6FF /* SwiftUI.framework in Frameworks */ = {isa = PBXBuildFile; fileRef = 208BA80E252D9567003EC6FF /* SwiftUI.framework */; };
		208BA812252D9567003EC6FF /* ASETimer_Widget.swift in Sources */ = {isa = PBXBuildFile; fileRef = 208BA811252D9567003EC6FF /* ASETimer_Widget.swift */; };
		208BA814252D956B003EC6FF /* Assets.xcassets in Resources */ = {isa = PBXBuildFile; fileRef = 208BA813252D956B003EC6FF /* Assets.xcassets */; };
		208BA818252D956B003EC6FF /* ASETimer-WidgetExtension.appex in Embed App Extensions */ = {isa = PBXBuildFile; fileRef = 208BA80A252D9567003EC6FF /* ASETimer-WidgetExtension.appex */; settings = {ATTRIBUTES = (RemoveHeadersOnCopy, ); }; };
		208BA821252D95B7003EC6FF /* Event.swift in Sources */ = {isa = PBXBuildFile; fileRef = 20E38ADF2318DC83001BB042 /* Event.swift */; };
		20C4C35A22F833D00011C0B0 /* ContentView.swift in Sources */ = {isa = PBXBuildFile; fileRef = 20C4C35922F833D00011C0B0 /* ContentView.swift */; };
		20C4C35C22F833D10011C0B0 /* Assets.xcassets in Resources */ = {isa = PBXBuildFile; fileRef = 20C4C35B22F833D10011C0B0 /* Assets.xcassets */; };
		20C4C35F22F833D10011C0B0 /* Preview Assets.xcassets in Resources */ = {isa = PBXBuildFile; fileRef = 20C4C35E22F833D10011C0B0 /* Preview Assets.xcassets */; };
		20E38ADE2318DC6F001BB042 /* RowType.swift in Sources */ = {isa = PBXBuildFile; fileRef = 20E38ADD2318DC6F001BB042 /* RowType.swift */; };
		20E38AE02318DC83001BB042 /* Event.swift in Sources */ = {isa = PBXBuildFile; fileRef = 20E38ADF2318DC83001BB042 /* Event.swift */; };
		20E38AE22318DC9D001BB042 /* CountdownView.swift in Sources */ = {isa = PBXBuildFile; fileRef = 20E38AE12318DC9D001BB042 /* CountdownView.swift */; };
		20E38AE42318DD06001BB042 /* CountdownRow.swift in Sources */ = {isa = PBXBuildFile; fileRef = 20E38AE32318DD06001BB042 /* CountdownRow.swift */; };
		20E38AE62318DD29001BB042 /* SeparatorView.swift in Sources */ = {isa = PBXBuildFile; fileRef = 20E38AE52318DD29001BB042 /* SeparatorView.swift */; };
		20F7E0A924824EAE00966704 /* EventManager.swift in Sources */ = {isa = PBXBuildFile; fileRef = 20F7E0A824824EAE00966704 /* EventManager.swift */; };
/* End PBXBuildFile section */

/* Begin PBXContainerItemProxy section */
		208BA816252D956B003EC6FF /* PBXContainerItemProxy */ = {
			isa = PBXContainerItemProxy;
			containerPortal = 20C4C34A22F833D00011C0B0 /* Project object */;
			proxyType = 1;
			remoteGlobalIDString = 208BA809252D9567003EC6FF;
			remoteInfo = "ASETimer-WidgetExtension";
		};
/* End PBXContainerItemProxy section */

/* Begin PBXCopyFilesBuildPhase section */
		208BA81A252D956B003EC6FF /* Embed App Extensions */ = {
			isa = PBXCopyFilesBuildPhase;
			buildActionMask = 2147483647;
			dstPath = "";
			dstSubfolderSpec = 13;
			files = (
				208BA818252D956B003EC6FF /* ASETimer-WidgetExtension.appex in Embed App Extensions */,
			);
			name = "Embed App Extensions";
			runOnlyForDeploymentPostprocessing = 0;
		};
/* End PBXCopyFilesBuildPhase section */

/* Begin PBXFileReference section */
		2027F8CE262FF53300ED7A3B /* ASE Timer.swift */ = {isa = PBXFileReference; lastKnownFileType = sourcecode.swift; path = "ASE Timer.swift"; sourceTree = "<group>"; };
		208BA80A252D9567003EC6FF /* ASETimer-WidgetExtension.appex */ = {isa = PBXFileReference; explicitFileType = "wrapper.app-extension"; includeInIndex = 0; path = "ASETimer-WidgetExtension.appex"; sourceTree = BUILT_PRODUCTS_DIR; };
		208BA80C252D9567003EC6FF /* WidgetKit.framework */ = {isa = PBXFileReference; lastKnownFileType = wrapper.framework; name = WidgetKit.framework; path = System/Library/Frameworks/WidgetKit.framework; sourceTree = SDKROOT; };
		208BA80E252D9567003EC6FF /* SwiftUI.framework */ = {isa = PBXFileReference; lastKnownFileType = wrapper.framework; name = SwiftUI.framework; path = System/Library/Frameworks/SwiftUI.framework; sourceTree = SDKROOT; };
		208BA811252D9567003EC6FF /* ASETimer_Widget.swift */ = {isa = PBXFileReference; lastKnownFileType = sourcecode.swift; path = ASETimer_Widget.swift; sourceTree = "<group>"; };
		208BA813252D956B003EC6FF /* Assets.xcassets */ = {isa = PBXFileReference; lastKnownFileType = folder.assetcatalog; path = Assets.xcassets; sourceTree = "<group>"; };
		208BA815252D956B003EC6FF /* Info.plist */ = {isa = PBXFileReference; lastKnownFileType = text.plist.xml; path = Info.plist; sourceTree = "<group>"; };
		208BA819252D956B003EC6FF /* ASETimer-WidgetExtension.entitlements */ = {isa = PBXFileReference; lastKnownFileType = text.plist.entitlements; path = "ASETimer-WidgetExtension.entitlements"; sourceTree = "<group>"; };
		20C4C35222F833D00011C0B0 /* ASE Timer.app */ = {isa = PBXFileReference; explicitFileType = wrapper.application; includeInIndex = 0; path = "ASE Timer.app"; sourceTree = BUILT_PRODUCTS_DIR; };
		20C4C35922F833D00011C0B0 /* ContentView.swift */ = {isa = PBXFileReference; lastKnownFileType = sourcecode.swift; path = ContentView.swift; sourceTree = "<group>"; };
		20C4C35B22F833D10011C0B0 /* Assets.xcassets */ = {isa = PBXFileReference; lastKnownFileType = folder.assetcatalog; path = Assets.xcassets; sourceTree = "<group>"; };
		20C4C35E22F833D10011C0B0 /* Preview Assets.xcassets */ = {isa = PBXFileReference; lastKnownFileType = folder.assetcatalog; path = "Preview Assets.xcassets"; sourceTree = "<group>"; };
		20C4C36322F833D10011C0B0 /* Info.plist */ = {isa = PBXFileReference; lastKnownFileType = text.plist.xml; path = Info.plist; sourceTree = "<group>"; };
		20E38ADC2318DC36001BB042 /* ASETimerSwiftUI.entitlements */ = {isa = PBXFileReference; lastKnownFileType = text.plist.entitlements; path = ASETimerSwiftUI.entitlements; sourceTree = "<group>"; };
		20E38ADD2318DC6F001BB042 /* RowType.swift */ = {isa = PBXFileReference; lastKnownFileType = sourcecode.swift; path = RowType.swift; sourceTree = "<group>"; };
		20E38ADF2318DC83001BB042 /* Event.swift */ = {isa = PBXFileReference; lastKnownFileType = sourcecode.swift; path = Event.swift; sourceTree = "<group>"; };
		20E38AE12318DC9D001BB042 /* CountdownView.swift */ = {isa = PBXFileReference; lastKnownFileType = sourcecode.swift; path = CountdownView.swift; sourceTree = "<group>"; };
		20E38AE32318DD06001BB042 /* CountdownRow.swift */ = {isa = PBXFileReference; lastKnownFileType = sourcecode.swift; path = CountdownRow.swift; sourceTree = "<group>"; };
		20E38AE52318DD29001BB042 /* SeparatorView.swift */ = {isa = PBXFileReference; lastKnownFileType = sourcecode.swift; path = SeparatorView.swift; sourceTree = "<group>"; };
		20F7E0A824824EAE00966704 /* EventManager.swift */ = {isa = PBXFileReference; fileEncoding = 4; lastKnownFileType = sourcecode.swift; path = EventManager.swift; sourceTree = "<group>"; };
/* End PBXFileReference section */

/* Begin PBXFrameworksBuildPhase section */
		208BA807252D9567003EC6FF /* Frameworks */ = {
			isa = PBXFrameworksBuildPhase;
			buildActionMask = 2147483647;
			files = (
				208BA80F252D9567003EC6FF /* SwiftUI.framework in Frameworks */,
				208BA80D252D9567003EC6FF /* WidgetKit.framework in Frameworks */,
			);
			runOnlyForDeploymentPostprocessing = 0;
		};
		20C4C34F22F833D00011C0B0 /* Frameworks */ = {
			isa = PBXFrameworksBuildPhase;
			buildActionMask = 2147483647;
			files = (
			);
			runOnlyForDeploymentPostprocessing = 0;
		};
/* End PBXFrameworksBuildPhase section */

/* Begin PBXGroup section */
		204CBD5425511061008EBD1E /* View Model */ = {
			isa = PBXGroup;
			children = (
				20F7E0A824824EAE00966704 /* EventManager.swift */,
			);
			path = "View Model";
			sourceTree = "<group>";
		};
		204CBD5525511068008EBD1E /* Model */ = {
			isa = PBXGroup;
			children = (
				20E38ADF2318DC83001BB042 /* Event.swift */,
				20E38ADD2318DC6F001BB042 /* RowType.swift */,
			);
			path = Model;
			sourceTree = "<group>";
		};
		204CBD5625511071008EBD1E /* View */ = {
			isa = PBXGroup;
			children = (
				20C4C35922F833D00011C0B0 /* ContentView.swift */,
			);
			path = View;
			sourceTree = "<group>";
		};
		204CBD5B2551107F008EBD1E /* Supporting Views */ = {
			isa = PBXGroup;
			children = (
				20E38AE12318DC9D001BB042 /* CountdownView.swift */,
				20E38AE32318DD06001BB042 /* CountdownRow.swift */,
				20E38AE52318DD29001BB042 /* SeparatorView.swift */,
			);
			path = "Supporting Views";
			sourceTree = "<group>";
		};
		208BA80B252D9567003EC6FF /* Frameworks */ = {
			isa = PBXGroup;
			children = (
				208BA80C252D9567003EC6FF /* WidgetKit.framework */,
				208BA80E252D9567003EC6FF /* SwiftUI.framework */,
			);
			name = Frameworks;
			sourceTree = "<group>";
		};
		208BA810252D9567003EC6FF /* ASETimer-Widget */ = {
			isa = PBXGroup;
			children = (
				208BA819252D956B003EC6FF /* ASETimer-WidgetExtension.entitlements */,
				208BA811252D9567003EC6FF /* ASETimer_Widget.swift */,
				208BA813252D956B003EC6FF /* Assets.xcassets */,
				208BA815252D956B003EC6FF /* Info.plist */,
			);
			path = "ASETimer-Widget";
			sourceTree = "<group>";
		};
		20C4C34922F833D00011C0B0 = {
			isa = PBXGroup;
			children = (
				20C4C35422F833D00011C0B0 /* ASETimerSwiftUI */,
				208BA810252D9567003EC6FF /* ASETimer-Widget */,
				208BA80B252D9567003EC6FF /* Frameworks */,
				20C4C35322F833D00011C0B0 /* Products */,
			);
			sourceTree = "<group>";
		};
		20C4C35322F833D00011C0B0 /* Products */ = {
			isa = PBXGroup;
			children = (
				20C4C35222F833D00011C0B0 /* ASE Timer.app */,
				208BA80A252D9567003EC6FF /* ASETimer-WidgetExtension.appex */,
			);
			name = Products;
			sourceTree = "<group>";
		};
		20C4C35422F833D00011C0B0 /* ASETimerSwiftUI */ = {
			isa = PBXGroup;
			children = (
				20E38ADC2318DC36001BB042 /* ASETimerSwiftUI.entitlements */,
				2027F8CE262FF53300ED7A3B /* ASE Timer.swift */,
				204CBD5525511068008EBD1E /* Model */,
				204CBD5625511071008EBD1E /* View */,
				204CBD5425511061008EBD1E /* View Model */,
				204CBD5B2551107F008EBD1E /* Supporting Views */,
				20C4C35B22F833D10011C0B0 /* Assets.xcassets */,
				20C4C36322F833D10011C0B0 /* Info.plist */,
				20C4C35D22F833D10011C0B0 /* Preview Content */,
			);
			path = ASETimerSwiftUI;
			sourceTree = "<group>";
		};
		20C4C35D22F833D10011C0B0 /* Preview Content */ = {
			isa = PBXGroup;
			children = (
				20C4C35E22F833D10011C0B0 /* Preview Assets.xcassets */,
			);
			path = "Preview Content";
			sourceTree = "<group>";
		};
/* End PBXGroup section */

/* Begin PBXNativeTarget section */
		208BA809252D9567003EC6FF /* ASETimer-WidgetExtension */ = {
			isa = PBXNativeTarget;
			buildConfigurationList = 208BA81D252D956B003EC6FF /* Build configuration list for PBXNativeTarget "ASETimer-WidgetExtension" */;
			buildPhases = (
				208BA806252D9567003EC6FF /* Sources */,
				208BA807252D9567003EC6FF /* Frameworks */,
				208BA808252D9567003EC6FF /* Resources */,
			);
			buildRules = (
			);
			dependencies = (
			);
			name = "ASETimer-WidgetExtension";
			productName = "ASETimer-WidgetExtension";
			productReference = 208BA80A252D9567003EC6FF /* ASETimer-WidgetExtension.appex */;
			productType = "com.apple.product-type.app-extension";
		};
		20C4C35122F833D00011C0B0 /* ASETimerSwiftUI */ = {
			isa = PBXNativeTarget;
			buildConfigurationList = 20C4C36622F833D10011C0B0 /* Build configuration list for PBXNativeTarget "ASETimerSwiftUI" */;
			buildPhases = (
				20C4C34E22F833D00011C0B0 /* Sources */,
				20C4C34F22F833D00011C0B0 /* Frameworks */,
				20C4C35022F833D00011C0B0 /* Resources */,
				208BA81A252D956B003EC6FF /* Embed App Extensions */,
			);
			buildRules = (
			);
			dependencies = (
				208BA817252D956B003EC6FF /* PBXTargetDependency */,
			);
			name = ASETimerSwiftUI;
			productName = ASETimerSwiftUI;
			productReference = 20C4C35222F833D00011C0B0 /* ASE Timer.app */;
			productType = "com.apple.product-type.application";
		};
/* End PBXNativeTarget section */

/* Begin PBXProject section */
		20C4C34A22F833D00011C0B0 /* Project object */ = {
			isa = PBXProject;
			attributes = {
				LastSwiftUpdateCheck = 1200;
				LastUpgradeCheck = 1200;
				ORGANIZATIONNAME = "Rahul Sharma";
				TargetAttributes = {
					208BA809252D9567003EC6FF = {
						CreatedOnToolsVersion = 12.0.1;
					};
					20C4C35122F833D00011C0B0 = {
						CreatedOnToolsVersion = 11.0;
					};
				};
			};
			buildConfigurationList = 20C4C34D22F833D00011C0B0 /* Build configuration list for PBXProject "ASETimerSwiftUI" */;
			compatibilityVersion = "Xcode 9.3";
			developmentRegion = en;
			hasScannedForEncodings = 0;
			knownRegions = (
				en,
				Base,
			);
			mainGroup = 20C4C34922F833D00011C0B0;
			productRefGroup = 20C4C35322F833D00011C0B0 /* Products */;
			projectDirPath = "";
			projectRoot = "";
			targets = (
				20C4C35122F833D00011C0B0 /* ASETimerSwiftUI */,
				208BA809252D9567003EC6FF /* ASETimer-WidgetExtension */,
			);
		};
/* End PBXProject section */

/* Begin PBXResourcesBuildPhase section */
		208BA808252D9567003EC6FF /* Resources */ = {
			isa = PBXResourcesBuildPhase;
			buildActionMask = 2147483647;
			files = (
				208BA814252D956B003EC6FF /* Assets.xcassets in Resources */,
			);
			runOnlyForDeploymentPostprocessing = 0;
		};
		20C4C35022F833D00011C0B0 /* Resources */ = {
			isa = PBXResourcesBuildPhase;
			buildActionMask = 2147483647;
			files = (
				20C4C35F22F833D10011C0B0 /* Preview Assets.xcassets in Resources */,
				20C4C35C22F833D10011C0B0 /* Assets.xcassets in Resources */,
			);
			runOnlyForDeploymentPostprocessing = 0;
		};
/* End PBXResourcesBuildPhase section */

/* Begin PBXSourcesBuildPhase section */
		208BA806252D9567003EC6FF /* Sources */ = {
			isa = PBXSourcesBuildPhase;
			buildActionMask = 2147483647;
			files = (
				208BA821252D95B7003EC6FF /* Event.swift in Sources */,
				204CBD5E2551108C008EBD1E /* RowType.swift in Sources */,
				208BA812252D9567003EC6FF /* ASETimer_Widget.swift in Sources */,
			);
			runOnlyForDeploymentPostprocessing = 0;
		};
		20C4C34E22F833D00011C0B0 /* Sources */ = {
			isa = PBXSourcesBuildPhase;
			buildActionMask = 2147483647;
			files = (
				20F7E0A924824EAE00966704 /* EventManager.swift in Sources */,
				20E38AE22318DC9D001BB042 /* CountdownView.swift in Sources */,
				20E38AE42318DD06001BB042 /* CountdownRow.swift in Sources */,
				20E38AE62318DD29001BB042 /* SeparatorView.swift in Sources */,
				2027F8CF262FF53300ED7A3B /* ASE Timer.swift in Sources */,
				20E38ADE2318DC6F001BB042 /* RowType.swift in Sources */,
				20C4C35A22F833D00011C0B0 /* ContentView.swift in Sources */,
				20E38AE02318DC83001BB042 /* Event.swift in Sources */,
			);
			runOnlyForDeploymentPostprocessing = 0;
		};
/* End PBXSourcesBuildPhase section */

/* Begin PBXTargetDependency section */
		208BA817252D956B003EC6FF /* PBXTargetDependency */ = {
			isa = PBXTargetDependency;
			target = 208BA809252D9567003EC6FF /* ASETimer-WidgetExtension */;
			targetProxy = 208BA816252D956B003EC6FF /* PBXContainerItemProxy */;
		};
/* End PBXTargetDependency section */

/* Begin XCBuildConfiguration section */
		208BA81B252D956B003EC6FF /* Debug */ = {
			isa = XCBuildConfiguration;
			buildSettings = {
				ASSETCATALOG_COMPILER_GLOBAL_ACCENT_COLOR_NAME = AccentColor;
				ASSETCATALOG_COMPILER_WIDGET_BACKGROUND_COLOR_NAME = WidgetBackground;
				CODE_SIGN_ENTITLEMENTS = "ASETimer-Widget/ASETimer-WidgetExtension.entitlements";
				CODE_SIGN_IDENTITY = "Apple Development";
				"CODE_SIGN_IDENTITY[sdk=macosx*]" = "Apple Development";
				CODE_SIGN_STYLE = Automatic;
				CURRENT_PROJECT_VERSION = 12;
				DEVELOPMENT_TEAM = 6R75J2CEEH;
				"ENABLE_HARDENED_RUNTIME[sdk=macosx*]" = NO;
				INFOPLIST_FILE = "ASETimer-Widget/Info.plist";
				IPHONEOS_DEPLOYMENT_TARGET = 14.0;
				"IPHONEOS_DEPLOYMENT_TARGET[sdk=macosx*]" = 14.2;
				LD_RUNPATH_SEARCH_PATHS = (
					"$(inherited)",
					"@executable_path/Frameworks",
					"@executable_path/../../Frameworks",
				);
				PRODUCT_BUNDLE_IDENTIFIER = com.rahulrs.asetimer.widget;
				"PRODUCT_BUNDLE_IDENTIFIER[sdk=macosx*]" = maccatalyst.com.rahulrs.asetimer.widget;
				PRODUCT_NAME = "$(TARGET_NAME)";
				PROVISIONING_PROFILE_SPECIFIER = "";
				"PROVISIONING_PROFILE_SPECIFIER[sdk=macosx*]" = "";
				SKIP_INSTALL = YES;
				SUPPORTS_MACCATALYST = YES;
				SUPPORTS_MAC_DESIGNED_FOR_IPHONE_IPAD = NO;
				SWIFT_VERSION = 5.0;
				TARGETED_DEVICE_FAMILY = "1,2,6";
			};
			name = Debug;
		};
		208BA81C252D956B003EC6FF /* Release */ = {
			isa = XCBuildConfiguration;
			buildSettings = {
				ASSETCATALOG_COMPILER_GLOBAL_ACCENT_COLOR_NAME = AccentColor;
				ASSETCATALOG_COMPILER_WIDGET_BACKGROUND_COLOR_NAME = WidgetBackground;
				CODE_SIGN_ENTITLEMENTS = "ASETimer-Widget/ASETimer-WidgetExtension.entitlements";
				CODE_SIGN_IDENTITY = "Apple Development";
				"CODE_SIGN_IDENTITY[sdk=macosx*]" = "Apple Development";
				CODE_SIGN_STYLE = Automatic;
				CURRENT_PROJECT_VERSION = 12;
				DEVELOPMENT_TEAM = 6R75J2CEEH;
				"ENABLE_HARDENED_RUNTIME[sdk=macosx*]" = NO;
				INFOPLIST_FILE = "ASETimer-Widget/Info.plist";
				IPHONEOS_DEPLOYMENT_TARGET = 14.0;
				"IPHONEOS_DEPLOYMENT_TARGET[sdk=macosx*]" = 14.2;
				LD_RUNPATH_SEARCH_PATHS = (
					"$(inherited)",
					"@executable_path/Frameworks",
					"@executable_path/../../Frameworks",
				);
				PRODUCT_BUNDLE_IDENTIFIER = com.rahulrs.asetimer.widget;
				"PRODUCT_BUNDLE_IDENTIFIER[sdk=macosx*]" = maccatalyst.com.rahulrs.asetimer.widget;
				PRODUCT_NAME = "$(TARGET_NAME)";
				PROVISIONING_PROFILE_SPECIFIER = "";
				"PROVISIONING_PROFILE_SPECIFIER[sdk=macosx*]" = "";
				SKIP_INSTALL = YES;
				SUPPORTS_MACCATALYST = YES;
				SUPPORTS_MAC_DESIGNED_FOR_IPHONE_IPAD = NO;
				SWIFT_VERSION = 5.0;
				TARGETED_DEVICE_FAMILY = "1,2,6";
			};
			name = Release;
		};
		20C4C36422F833D10011C0B0 /* Debug */ = {
			isa = XCBuildConfiguration;
			buildSettings = {
				ALWAYS_SEARCH_USER_PATHS = NO;
				CLANG_ANALYZER_NONNULL = YES;
				CLANG_ANALYZER_NUMBER_OBJECT_CONVERSION = YES_AGGRESSIVE;
				CLANG_CXX_LANGUAGE_STANDARD = "gnu++14";
				CLANG_CXX_LIBRARY = "libc++";
				CLANG_ENABLE_MODULES = YES;
				CLANG_ENABLE_OBJC_ARC = YES;
				CLANG_ENABLE_OBJC_WEAK = YES;
				CLANG_WARN_BLOCK_CAPTURE_AUTORELEASING = YES;
				CLANG_WARN_BOOL_CONVERSION = YES;
				CLANG_WARN_COMMA = YES;
				CLANG_WARN_CONSTANT_CONVERSION = YES;
				CLANG_WARN_DEPRECATED_OBJC_IMPLEMENTATIONS = YES;
				CLANG_WARN_DIRECT_OBJC_ISA_USAGE = YES_ERROR;
				CLANG_WARN_DOCUMENTATION_COMMENTS = YES;
				CLANG_WARN_EMPTY_BODY = YES;
				CLANG_WARN_ENUM_CONVERSION = YES;
				CLANG_WARN_INFINITE_RECURSION = YES;
				CLANG_WARN_INT_CONVERSION = YES;
				CLANG_WARN_NON_LITERAL_NULL_CONVERSION = YES;
				CLANG_WARN_OBJC_IMPLICIT_RETAIN_SELF = YES;
				CLANG_WARN_OBJC_LITERAL_CONVERSION = YES;
				CLANG_WARN_OBJC_ROOT_CLASS = YES_ERROR;
				CLANG_WARN_QUOTED_INCLUDE_IN_FRAMEWORK_HEADER = YES;
				CLANG_WARN_RANGE_LOOP_ANALYSIS = YES;
				CLANG_WARN_STRICT_PROTOTYPES = YES;
				CLANG_WARN_SUSPICIOUS_MOVE = YES;
				CLANG_WARN_UNGUARDED_AVAILABILITY = YES_AGGRESSIVE;
				CLANG_WARN_UNREACHABLE_CODE = YES;
				CLANG_WARN__DUPLICATE_METHOD_MATCH = YES;
				COPY_PHASE_STRIP = NO;
				DEBUG_INFORMATION_FORMAT = dwarf;
				ENABLE_STRICT_OBJC_MSGSEND = YES;
				ENABLE_TESTABILITY = YES;
				GCC_C_LANGUAGE_STANDARD = gnu11;
				GCC_DYNAMIC_NO_PIC = NO;
				GCC_NO_COMMON_BLOCKS = YES;
				GCC_OPTIMIZATION_LEVEL = 0;
				GCC_PREPROCESSOR_DEFINITIONS = (
					"DEBUG=1",
					"$(inherited)",
				);
				GCC_WARN_64_TO_32_BIT_CONVERSION = YES;
				GCC_WARN_ABOUT_RETURN_TYPE = YES_ERROR;
				GCC_WARN_UNDECLARED_SELECTOR = YES;
				GCC_WARN_UNINITIALIZED_AUTOS = YES_AGGRESSIVE;
				GCC_WARN_UNUSED_FUNCTION = YES;
				GCC_WARN_UNUSED_VARIABLE = YES;
				IPHONEOS_DEPLOYMENT_TARGET = 13.0;
				MTL_ENABLE_DEBUG_INFO = INCLUDE_SOURCE;
				MTL_FAST_MATH = YES;
				ONLY_ACTIVE_ARCH = YES;
				SDKROOT = iphoneos;
				SWIFT_ACTIVE_COMPILATION_CONDITIONS = DEBUG;
				SWIFT_OPTIMIZATION_LEVEL = "-Onone";
			};
			name = Debug;
		};
		20C4C36522F833D10011C0B0 /* Release */ = {
			isa = XCBuildConfiguration;
			buildSettings = {
				ALWAYS_SEARCH_USER_PATHS = NO;
				CLANG_ANALYZER_NONNULL = YES;
				CLANG_ANALYZER_NUMBER_OBJECT_CONVERSION = YES_AGGRESSIVE;
				CLANG_CXX_LANGUAGE_STANDARD = "gnu++14";
				CLANG_CXX_LIBRARY = "libc++";
				CLANG_ENABLE_MODULES = YES;
				CLANG_ENABLE_OBJC_ARC = YES;
				CLANG_ENABLE_OBJC_WEAK = YES;
				CLANG_WARN_BLOCK_CAPTURE_AUTORELEASING = YES;
				CLANG_WARN_BOOL_CONVERSION = YES;
				CLANG_WARN_COMMA = YES;
				CLANG_WARN_CONSTANT_CONVERSION = YES;
				CLANG_WARN_DEPRECATED_OBJC_IMPLEMENTATIONS = YES;
				CLANG_WARN_DIRECT_OBJC_ISA_USAGE = YES_ERROR;
				CLANG_WARN_DOCUMENTATION_COMMENTS = YES;
				CLANG_WARN_EMPTY_BODY = YES;
				CLANG_WARN_ENUM_CONVERSION = YES;
				CLANG_WARN_INFINITE_RECURSION = YES;
				CLANG_WARN_INT_CONVERSION = YES;
				CLANG_WARN_NON_LITERAL_NULL_CONVERSION = YES;
				CLANG_WARN_OBJC_IMPLICIT_RETAIN_SELF = YES;
				CLANG_WARN_OBJC_LITERAL_CONVERSION = YES;
				CLANG_WARN_OBJC_ROOT_CLASS = YES_ERROR;
				CLANG_WARN_QUOTED_INCLUDE_IN_FRAMEWORK_HEADER = YES;
				CLANG_WARN_RANGE_LOOP_ANALYSIS = YES;
				CLANG_WARN_STRICT_PROTOTYPES = YES;
				CLANG_WARN_SUSPICIOUS_MOVE = YES;
				CLANG_WARN_UNGUARDED_AVAILABILITY = YES_AGGRESSIVE;
				CLANG_WARN_UNREACHABLE_CODE = YES;
				CLANG_WARN__DUPLICATE_METHOD_MATCH = YES;
				COPY_PHASE_STRIP = NO;
				DEBUG_INFORMATION_FORMAT = "dwarf-with-dsym";
				ENABLE_NS_ASSERTIONS = NO;
				ENABLE_STRICT_OBJC_MSGSEND = YES;
				GCC_C_LANGUAGE_STANDARD = gnu11;
				GCC_NO_COMMON_BLOCKS = YES;
				GCC_WARN_64_TO_32_BIT_CONVERSION = YES;
				GCC_WARN_ABOUT_RETURN_TYPE = YES_ERROR;
				GCC_WARN_UNDECLARED_SELECTOR = YES;
				GCC_WARN_UNINITIALIZED_AUTOS = YES_AGGRESSIVE;
				GCC_WARN_UNUSED_FUNCTION = YES;
				GCC_WARN_UNUSED_VARIABLE = YES;
				IPHONEOS_DEPLOYMENT_TARGET = 13.0;
				MTL_ENABLE_DEBUG_INFO = NO;
				MTL_FAST_MATH = YES;
				SDKROOT = iphoneos;
				SWIFT_COMPILATION_MODE = wholemodule;
				SWIFT_OPTIMIZATION_LEVEL = "-O";
				VALIDATE_PRODUCT = YES;
			};
			name = Release;
		};
		20C4C36722F833D10011C0B0 /* Debug */ = {
			isa = XCBuildConfiguration;
			buildSettings = {
				ALWAYS_EMBED_SWIFT_STANDARD_LIBRARIES = YES;
				ASSETCATALOG_COMPILER_APPICON_NAME = AppIcon;
				CODE_SIGN_ENTITLEMENTS = ASETimerSwiftUI/ASETimerSwiftUI.entitlements;
				CODE_SIGN_IDENTITY = "Apple Development";
				"CODE_SIGN_IDENTITY[sdk=macosx*]" = "Apple Development";
				CODE_SIGN_STYLE = Automatic;
				CURRENT_PROJECT_VERSION = 13;
				DERIVE_MACCATALYST_PRODUCT_BUNDLE_IDENTIFIER = YES;
				DEVELOPMENT_ASSET_PATHS = "ASETimerSwiftUI/Preview\\ Content";
				DEVELOPMENT_TEAM = 6R75J2CEEH;
				"ENABLE_HARDENED_RUNTIME[sdk=macosx*]" = NO;
				ENABLE_PREVIEWS = YES;
				INFOPLIST_FILE = ASETimerSwiftUI/Info.plist;
				IPHONEOS_DEPLOYMENT_TARGET = 14.0;
				LD_RUNPATH_SEARCH_PATHS = (
					"$(inherited)",
					"@executable_path/Frameworks",
				);
				PRODUCT_BUNDLE_IDENTIFIER = com.rahulrs.asetimer;
				PRODUCT_NAME = "ASE Timer";
				PROVISIONING_PROFILE_SPECIFIER = "";
				"PROVISIONING_PROFILE_SPECIFIER[sdk=macosx*]" = "";
				SUPPORTS_MACCATALYST = YES;
				SUPPORTS_MAC_DESIGNED_FOR_IPHONE_IPAD = NO;
				SWIFT_VERSION = 5.0;
				TARGETED_DEVICE_FAMILY = "1,2,6";
			};
			name = Debug;
		};
		20C4C36822F833D10011C0B0 /* Release */ = {
			isa = XCBuildConfiguration;
			buildSettings = {
				ALWAYS_EMBED_SWIFT_STANDARD_LIBRARIES = YES;
				ASSETCATALOG_COMPILER_APPICON_NAME = AppIcon;
				CODE_SIGN_ENTITLEMENTS = ASETimerSwiftUI/ASETimerSwiftUI.entitlements;
				CODE_SIGN_IDENTITY = "Apple Development";
				"CODE_SIGN_IDENTITY[sdk=macosx*]" = "Apple Development";
				CODE_SIGN_STYLE = Automatic;
				CURRENT_PROJECT_VERSION = 13;
				DERIVE_MACCATALYST_PRODUCT_BUNDLE_IDENTIFIER = YES;
				DEVELOPMENT_ASSET_PATHS = "ASETimerSwiftUI/Preview\\ Content";
				DEVELOPMENT_TEAM = 6R75J2CEEH;
				"ENABLE_HARDENED_RUNTIME[sdk=macosx*]" = NO;
				ENABLE_PREVIEWS = YES;
				INFOPLIST_FILE = ASETimerSwiftUI/Info.plist;
				IPHONEOS_DEPLOYMENT_TARGET = 14.0;
				LD_RUNPATH_SEARCH_PATHS = (
					"$(inherited)",
					"@executable_path/Frameworks",
				);
				PRODUCT_BUNDLE_IDENTIFIER = com.rahulrs.asetimer;
				PRODUCT_NAME = "ASE Timer";
				PROVISIONING_PROFILE_SPECIFIER = "";
				"PROVISIONING_PROFILE_SPECIFIER[sdk=macosx*]" = "";
				SUPPORTS_MACCATALYST = YES;
				SUPPORTS_MAC_DESIGNED_FOR_IPHONE_IPAD = NO;
				SWIFT_VERSION = 5.0;
				TARGETED_DEVICE_FAMILY = "1,2,6";
			};
			name = Release;
		};
/* End XCBuildConfiguration section */

/* Begin XCConfigurationList section */
		208BA81D252D956B003EC6FF /* Build configuration list for PBXNativeTarget "ASETimer-WidgetExtension" */ = {
			isa = XCConfigurationList;
			buildConfigurations = (
				208BA81B252D956B003EC6FF /* Debug */,
				208BA81C252D956B003EC6FF /* Release */,
			);
			defaultConfigurationIsVisible = 0;
			defaultConfigurationName = Release;
		};
		20C4C34D22F833D00011C0B0 /* Build configuration list for PBXProject "ASETimerSwiftUI" */ = {
			isa = XCConfigurationList;
			buildConfigurations = (
				20C4C36422F833D10011C0B0 /* Debug */,
				20C4C36522F833D10011C0B0 /* Release */,
			);
			defaultConfigurationIsVisible = 0;
			defaultConfigurationName = Release;
		};
		20C4C36622F833D10011C0B0 /* Build configuration list for PBXNativeTarget "ASETimerSwiftUI" */ = {
			isa = XCConfigurationList;
			buildConfigurations = (
				20C4C36722F833D10011C0B0 /* Debug */,
				20C4C36822F833D10011C0B0 /* Release */,
			);
			defaultConfigurationIsVisible = 0;
			defaultConfigurationName = Release;
		};
/* End XCConfigurationList section */
	};
	rootObject = 20C4C34A22F833D00011C0B0 /* Project object */;
}
